# THIS IS AN AUTOGENERATED FILE. DO NOT EDIT THIS FILE DIRECTLY.
# yarn lockfile v1


marked@^0.6.1:
  version "0.6.1"
  resolved "https://registry.yarnpkg.com/marked/-/marked-0.6.1.tgz#a63addde477bca9613028de4b2bc3629e53a0562"
  integrity sha512-+H0L3ibcWhAZE02SKMqmvYsErLo4EAVJxu5h3bHBBDvvjeWXtl92rGUSBYHL2++5Y+RSNgl8dYOAXcYe7lp1fA==
